// !$*UTF8*$!
{
	archiveVersion = 1;
	classes = {
	};
	objectVersion = 48;
	objects = {

/* Begin PBXBuildFile section */
		2880802B1F8E04FC008D30BA /* AppDelegate.m in Sources */ = {isa = PBXBuildFile; fileRef = 2880802A1F8E04FC008D30BA /* AppDelegate.m */; };
		2880802E1F8E04FC008D30BA /* ViewController.m in Sources */ = {isa = PBXBuildFile; fileRef = 2880802D1F8E04FC008D30BA /* ViewController.m */; };
		288080311F8E04FC008D30BA /* Main.storyboard in Resources */ = {isa = PBXBuildFile; fileRef = 2880802F1F8E04FC008D30BA /* Main.storyboard */; };
		288080331F8E04FC008D30BA /* Assets.xcassets in Resources */ = {isa = PBXBuildFile; fileRef = 288080321F8E04FC008D30BA /* Assets.xcassets */; };
		288080361F8E04FC008D30BA /* LaunchScreen.storyboard in Resources */ = {isa = PBXBuildFile; fileRef = 288080341F8E04FC008D30BA /* LaunchScreen.storyboard */; };
		288080391F8E04FC008D30BA /* main.m in Sources */ = {isa = PBXBuildFile; fileRef = 288080381F8E04FC008D30BA /* main.m */; };
		2880804B1F8E0824008D30BA /* ScrollViewTableViewCell.m in Sources */ = {isa = PBXBuildFile; fileRef = 288080491F8E0823008D30BA /* ScrollViewTableViewCell.m */; };
		2880805A1F8E0B23008D30BA /* AppDelegate+StatusBarTouch.m in Sources */ = {isa = PBXBuildFile; fileRef = 288080551F8E0A9C008D30BA /* AppDelegate+StatusBarTouch.m */; };
		2880805B1F8E0B26008D30BA /* ContinuingScrollHelper.m in Sources */ = {isa = PBXBuildFile; fileRef = 288080571F8E0A9C008D30BA /* ContinuingScrollHelper.m */; };
		2880805C1F8E0B28008D30BA /* UIScrollView+Status.m in Sources */ = {isa = PBXBuildFile; fileRef = 288080591F8E0A9C008D30BA /* UIScrollView+Status.m */; };
/* End PBXBuildFile section */

/* Begin PBXFileReference section */
		288080261F8E04FC008D30BA /* Demo.app */ = {isa = PBXFileReference; explicitFileType = wrapper.application; includeInIndex = 0; path = Demo.app; sourceTree = BUILT_PRODUCTS_DIR; };
		288080291F8E04FC008D30BA /* AppDelegate.h */ = {isa = PBXFileReference; lastKnownFileType = sourcecode.c.h; path = AppDelegate.h; sourceTree = "<group>"; };
		2880802A1F8E04FC008D30BA /* AppDelegate.m */ = {isa = PBXFileReference; lastKnownFileType = sourcecode.c.objc; path = AppDelegate.m; sourceTree = "<group>"; };
		2880802C1F8E04FC008D30BA /* ViewController.h */ = {isa = PBXFileReference; lastKnownFileType = sourcecode.c.h; path = ViewController.h; sourceTree = "<group>"; };
		2880802D1F8E04FC008D30BA /* ViewController.m */ = {isa = PBXFileReference; lastKnownFileType = sourcecode.c.objc; path = ViewController.m; sourceTree = "<group>"; };
		288080301F8E04FC008D30BA /* Base */ = {isa = PBXFileReference; lastKnownFileType = file.storyboard; name = Base; path = Base.lproj/Main.storyboard; sourceTree = "<group>"; };
		288080321F8E04FC008D30BA /* Assets.xcassets */ = {isa = PBXFileReference; lastKnownFileType = folder.assetcatalog; path = Assets.xcassets; sourceTree = "<group>"; };
		288080351F8E04FC008D30BA /* Base */ = {isa = PBXFileReference; lastKnownFileType = file.storyboard; name = Base; path = Base.lproj/LaunchScreen.storyboard; sourceTree = "<group>"; };
		288080371F8E04FC008D30BA /* Info.plist */ = {isa = PBXFileReference; lastKnownFileType = text.plist.xml; path = Info.plist; sourceTree = "<group>"; };
		288080381F8E04FC008D30BA /* main.m */ = {isa = PBXFileReference; lastKnownFileType = sourcecode.c.objc; path = main.m; sourceTree = "<group>"; };
		288080481F8E0823008D30BA /* ScrollViewTableViewCell.h */ = {isa = PBXFileReference; lastKnownFileType = sourcecode.c.h; path = ScrollViewTableViewCell.h; sourceTree = "<group>"; };
		288080491F8E0823008D30BA /* ScrollViewTableViewCell.m */ = {isa = PBXFileReference; lastKnownFileType = sourcecode.c.objc; path = ScrollViewTableViewCell.m; sourceTree = "<group>"; };
		2880804A1F8E0823008D30BA /* ScrollViewTableViewCell.xib */ = {isa = PBXFileReference; lastKnownFileType = file.xib; path = ScrollViewTableViewCell.xib; sourceTree = "<group>"; };
		288080541F8E0A9C008D30BA /* AppDelegate+StatusBarTouch.h */ = {isa = PBXFileReference; lastKnownFileType = sourcecode.c.h; path = "AppDelegate+StatusBarTouch.h"; sourceTree = "<group>"; };
		288080551F8E0A9C008D30BA /* AppDelegate+StatusBarTouch.m */ = {isa = PBXFileReference; lastKnownFileType = sourcecode.c.objc; path = "AppDelegate+StatusBarTouch.m"; sourceTree = "<group>"; };
		288080561F8E0A9C008D30BA /* ContinuingScrollHelper.h */ = {isa = PBXFileReference; lastKnownFileType = sourcecode.c.h; path = ContinuingScrollHelper.h; sourceTree = "<group>"; };
		288080571F8E0A9C008D30BA /* ContinuingScrollHelper.m */ = {isa = PBXFileReference; lastKnownFileType = sourcecode.c.objc; path = ContinuingScrollHelper.m; sourceTree = "<group>"; };
		288080581F8E0A9C008D30BA /* UIScrollView+Status.h */ = {isa = PBXFileReference; lastKnownFileType = sourcecode.c.h; path = "UIScrollView+Status.h"; sourceTree = "<group>"; };
		288080591F8E0A9C008D30BA /* UIScrollView+Status.m */ = {isa = PBXFileReference; lastKnownFileType = sourcecode.c.objc; path = "UIScrollView+Status.m"; sourceTree = "<group>"; };
/* End PBXFileReference section */

/* Begin PBXFrameworksBuildPhase section */
		288080231F8E04FC008D30BA /* Frameworks */ = {
			isa = PBXFrameworksBuildPhase;
			buildActionMask = 2147483647;
			files = (
			);
			runOnlyForDeploymentPostprocessing = 0;
		};
/* End PBXFrameworksBuildPhase section */

/* Begin PBXGroup section */
		2880801D1F8E04FC008D30BA = {
			isa = PBXGroup;
			children = (
				288080281F8E04FC008D30BA /* Demo */,
				288080271F8E04FC008D30BA /* Products */,
			);
			sourceTree = "<group>";
		};
		288080271F8E04FC008D30BA /* Products */ = {
			isa = PBXGroup;
			children = (
				288080261F8E04FC008D30BA /* Demo.app */,
			);
			name = Products;
			sourceTree = "<group>";
		};
		288080281F8E04FC008D30BA /* Demo */ = {
			isa = PBXGroup;
			children = (
				288080291F8E04FC008D30BA /* AppDelegate.h */,
				2880802A1F8E04FC008D30BA /* AppDelegate.m */,
				2880802C1F8E04FC008D30BA /* ViewController.h */,
				2880802D1F8E04FC008D30BA /* ViewController.m */,
				288080481F8E0823008D30BA /* ScrollViewTableViewCell.h */,
				288080491F8E0823008D30BA /* ScrollViewTableViewCell.m */,
				2880804A1F8E0823008D30BA /* ScrollViewTableViewCell.xib */,
				288080531F8E0A9C008D30BA /* ContinuingScrollHelper */,
				2880802F1F8E04FC008D30BA /* Main.storyboard */,
				288080321F8E04FC008D30BA /* Assets.xcassets */,
				288080341F8E04FC008D30BA /* LaunchScreen.storyboard */,
				288080371F8E04FC008D30BA /* Info.plist */,
				288080381F8E04FC008D30BA /* main.m */,
			);
			path = Demo;
			sourceTree = "<group>";
		};
		288080531F8E0A9C008D30BA /* ContinuingScrollHelper */ = {
			isa = PBXGroup;
			children = (
				288080541F8E0A9C008D30BA /* AppDelegate+StatusBarTouch.h */,
				288080551F8E0A9C008D30BA /* AppDelegate+StatusBarTouch.m */,
				288080561F8E0A9C008D30BA /* ContinuingScrollHelper.h */,
				288080571F8E0A9C008D30BA /* ContinuingScrollHelper.m */,
				288080581F8E0A9C008D30BA /* UIScrollView+Status.h */,
				288080591F8E0A9C008D30BA /* UIScrollView+Status.m */,
			);
			path = ContinuingScrollHelper;
			sourceTree = "<group>";
		};
/* End PBXGroup section */

/* Begin PBXNativeTarget section */
		288080251F8E04FC008D30BA /* Demo */ = {
			isa = PBXNativeTarget;
			buildConfigurationList = 2880803C1F8E04FC008D30BA /* Build configuration list for PBXNativeTarget "Demo" */;
			buildPhases = (
				288080221F8E04FC008D30BA /* Sources */,
				288080231F8E04FC008D30BA /* Frameworks */,
				288080241F8E04FC008D30BA /* Resources */,
			);
			buildRules = (
			);
			dependencies = (
			);
			name = Demo;
			productName = Demo;
			productReference = 288080261F8E04FC008D30BA /* Demo.app */;
			productType = "com.apple.product-type.application";
		};
/* End PBXNativeTarget section */

/* Begin PBXProject section */
		2880801E1F8E04FC008D30BA /* Project object */ = {
			isa = PBXProject;
			attributes = {
				LastUpgradeCheck = 0900;
				ORGANIZATIONNAME = Bruno.ma;
				TargetAttributes = {
					288080251F8E04FC008D30BA = {
						CreatedOnToolsVersion = 9.0;
						ProvisioningStyle = Automatic;
					};
				};
			};
			buildConfigurationList = 288080211F8E04FC008D30BA /* Build configuration list for PBXProject "Demo" */;
			compatibilityVersion = "Xcode 8.0";
			developmentRegion = en;
			hasScannedForEncodings = 0;
			knownRegions = (
				en,
				Base,
			);
			mainGroup = 2880801D1F8E04FC008D30BA;
			productRefGroup = 288080271F8E04FC008D30BA /* Products */;
			projectDirPath = "";
			projectRoot = "";
			targets = (
				288080251F8E04FC008D30BA /* Demo */,
			);
		};
/* End PBXProject section */

/* Begin PBXResourcesBuildPhase section */
		288080241F8E04FC008D30BA /* Resources */ = {
			isa = PBXResourcesBuildPhase;
			buildActionMask = 2147483647;
			files = (
				288080361F8E04FC008D30BA /* LaunchScreen.storyboard in Resources */,
				288080331F8E04FC008D30BA /* Assets.xcassets in Resources */,
				288080311F8E04FC008D30BA /* Main.storyboard in Resources */,
			);
			runOnlyForDeploymentPostprocessing = 0;
		};
/* End PBXResourcesBuildPhase section */

/* Begin PBXSourcesBuildPhase section */
		288080221F8E04FC008D30BA /* Sources */ = {
			isa = PBXSourcesBuildPhase;
			buildActionMask = 2147483647;
			files = (
				2880805B1F8E0B26008D30BA /* ContinuingScrollHelper.m in Sources */,
				2880802E1F8E04FC008D30BA /* ViewController.m in Sources */,
				288080391F8E04FC008D30BA /* main.m in Sources */,
				2880805A1F8E0B23008D30BA /* AppDelegate+StatusBarTouch.m in Sources */,
				2880802B1F8E04FC008D30BA /* AppDelegate.m in Sources */,
				2880804B1F8E0824008D30BA /* ScrollViewTableViewCell.m in Sources */,
				2880805C1F8E0B28008D30BA /* UIScrollView+Status.m in Sources */,
			);
			runOnlyForDeploymentPostprocessing = 0;
		};
/* End PBXSourcesBuildPhase section */

/* Begin PBXVariantGroup section */
		2880802F1F8E04FC008D30BA /* Main.storyboard */ = {
			isa = PBXVariantGroup;
			children = (
				288080301F8E04FC008D30BA /* Base */,
			);
			name = Main.storyboard;
			sourceTree = "<group>";
		};
		288080341F8E04FC008D30BA /* LaunchScreen.storyboard */ = {
			isa = PBXVariantGroup;
			children = (
				288080351F8E04FC008D30BA /* Base */,
			);
			name = LaunchScreen.storyboard;
			sourceTree = "<group>";
		};
/* End PBXVariantGroup section */

/* Begin XCBuildConfiguration section */
		2880803A1F8E04FC008D30BA /* Debug */ = {
			isa = XCBuildConfiguration;
			buildSettings = {
				ALWAYS_SEARCH_USER_PATHS = NO;
				CLANG_ANALYZER_NONNULL = YES;
				CLANG_ANALYZER_NUMBER_OBJECT_CONVERSION = YES_AGGRESSIVE;
				CLANG_CXX_LANGUAGE_STANDARD = "gnu++14";
				CLANG_CXX_LIBRARY = "libc++";
				CLANG_ENABLE_MODULES = YES;
				CLANG_ENABLE_OBJC_ARC = YES;
				CLANG_WARN_BLOCK_CAPTURE_AUTORELEASING = YES;
				CLANG_WARN_BOOL_CONVERSION = YES;
				CLANG_WARN_COMMA = YES;
				CLANG_WARN_CONSTANT_CONVERSION = YES;
				CLANG_WARN_DIRECT_OBJC_ISA_USAGE = YES_ERROR;
				CLANG_WARN_DOCUMENTATION_COMMENTS = YES;
				CLANG_WARN_EMPTY_BODY = YES;
				CLANG_WARN_ENUM_CONVERSION = YES;
				CLANG_WARN_INFINITE_RECURSION = YES;
				CLANG_WARN_INT_CONVERSION = YES;
				CLANG_WARN_NON_LITERAL_NULL_CONVERSION = YES;
				CLANG_WARN_OBJC_LITERAL_CONVERSION = YES;
				CLANG_WARN_OBJC_ROOT_CLASS = YES_ERROR;
				CLANG_WARN_RANGE_LOOP_ANALYSIS = YES;
				CLANG_WARN_STRICT_PROTOTYPES = YES;
				CLANG_WARN_SUSPICIOUS_MOVE = YES;
				CLANG_WARN_UNGUARDED_AVAILABILITY = YES_AGGRESSIVE;
				CLANG_WARN_UNREACHABLE_CODE = YES;
				CLANG_WARN__DUPLICATE_METHOD_MATCH = YES;
				CODE_SIGN_IDENTITY = "iPhone Developer";
				COPY_PHASE_STRIP = NO;
				DEBUG_INFORMATION_FORMAT = dwarf;
				ENABLE_STRICT_OBJC_MSGSEND = YES;
				ENABLE_TESTABILITY = YES;
				GCC_C_LANGUAGE_STANDARD = gnu11;
				GCC_DYNAMIC_NO_PIC = NO;
				GCC_NO_COMMON_BLOCKS = YES;
				GCC_OPTIMIZATION_LEVEL = 0;
				GCC_PREPROCESSOR_DEFINITIONS = (
					"DEBUG=1",
					"$(inherited)",
				);
				GCC_WARN_64_TO_32_BIT_CONVERSION = YES;
				GCC_WARN_ABOUT_RETURN_TYPE = YES_ERROR;
				GCC_WARN_UNDECLARED_SELECTOR = YES;
				GCC_WARN_UNINITIALIZED_AUTOS = YES_AGGRESSIVE;
				GCC_WARN_UNUSED_FUNCTION = YES;
				GCC_WARN_UNUSED_VARIABLE = YES;
				IPHONEOS_DEPLOYMENT_TARGET = 11.0;
				MTL_ENABLE_DEBUG_INFO = YES;
				ONLY_ACTIVE_ARCH = YES;
				SDKROOT = iphoneos;
			};
			name = Debug;
		};
		2880803B1F8E04FC008D30BA /* Release */ = {
			isa = XCBuildConfiguration;
			buildSettings = {
				ALWAYS_SEARCH_USER_PATHS = NO;
				CLANG_ANALYZER_NONNULL = YES;
				CLANG_ANALYZER_NUMBER_OBJECT_CONVERSION = YES_AGGRESSIVE;
				CLANG_CXX_LANGUAGE_STANDARD = "gnu++14";
				CLANG_CXX_LIBRARY = "libc++";
				CLANG_ENABLE_MODULES = YES;
				CLANG_ENABLE_OBJC_ARC = YES;
				CLANG_WARN_BLOCK_CAPTURE_AUTORELEASING = YES;
				CLANG_WARN_BOOL_CONVERSION = YES;
				CLANG_WARN_COMMA = YES;
				CLANG_WARN_CONSTANT_CONVERSION = YES;
				CLANG_WARN_DIRECT_OBJC_ISA_USAGE = YES_ERROR;
				CLANG_WARN_DOCUMENTATION_COMMENTS = YES;
				CLANG_WARN_EMPTY_BODY = YES;
				CLANG_WARN_ENUM_CONVERSION = YES;
				CLANG_WARN_INFINITE_RECURSION = YES;
				CLANG_WARN_INT_CONVERSION = YES;
				CLANG_WARN_NON_LITERAL_NULL_CONVERSION = YES;
				CLANG_WARN_OBJC_LITERAL_CONVERSION = YES;
				CLANG_WARN_OBJC_ROOT_CLASS = YES_ERROR;
				CLANG_WARN_RANGE_LOOP_ANALYSIS = YES;
				CLANG_WARN_STRICT_PROTOTYPES = YES;
				CLANG_WARN_SUSPICIOUS_MOVE = YES;
				CLANG_WARN_UNGUARDED_AVAILABILITY = YES_AGGRESSIVE;
				CLANG_WARN_UNREACHABLE_CODE = YES;
				CLANG_WARN__DUPLICATE_METHOD_MATCH = YES;
				CODE_SIGN_IDENTITY = "iPhone Developer";
				COPY_PHASE_STRIP = NO;
				DEBUG_INFORMATION_FORMAT = "dwarf-with-dsym";
				ENABLE_NS_ASSERTIONS = NO;
				ENABLE_STRICT_OBJC_MSGSEND = YES;
				GCC_C_LANGUAGE_STANDARD = gnu11;
				GCC_NO_COMMON_BLOCKS = YES;
				GCC_WARN_64_TO_32_BIT_CONVERSION = YES;
				GCC_WARN_ABOUT_RETURN_TYPE = YES_ERROR;
				GCC_WARN_UNDECLARED_SELECTOR = YES;
				GCC_WARN_UNINITIALIZED_AUTOS = YES_AGGRESSIVE;
				GCC_WARN_UNUSED_FUNCTION = YES;
				GCC_WARN_UNUSED_VARIABLE = YES;
				IPHONEOS_DEPLOYMENT_TARGET = 11.0;
				MTL_ENABLE_DEBUG_INFO = NO;
				SDKROOT = iphoneos;
				VALIDATE_PRODUCT = YES;
			};
			name = Release;
		};
		2880803D1F8E04FC008D30BA /* Debug */ = {
			isa = XCBuildConfiguration;
			buildSettings = {
				ASSETCATALOG_COMPILER_APPICON_NAME = AppIcon;
				CODE_SIGN_STYLE = Automatic;
				INFOPLIST_FILE = Demo/Info.plist;
				IPHONEOS_DEPLOYMENT_TARGET = 9.0;
				LD_RUNPATH_SEARCH_PATHS = "$(inherited) @executable_path/Frameworks";
				PRODUCT_BUNDLE_IDENTIFIER = ma.Demo;
				PRODUCT_NAME = "$(TARGET_NAME)";
				TARGETED_DEVICE_FAMILY = "1,2";
			};
			name = Debug;
		};
		2880803E1F8E04FC008D30BA /* Release */ = {
			isa = XCBuildConfiguration;
			buildSettings = {
				ASSETCATALOG_COMPILER_APPICON_NAME = AppIcon;
				CODE_SIGN_STYLE = Automatic;
				INFOPLIST_FILE = Demo/Info.plist;
				IPHONEOS_DEPLOYMENT_TARGET = 9.0;
				LD_RUNPATH_SEARCH_PATHS = "$(inherited) @executable_path/Frameworks";
				PRODUCT_BUNDLE_IDENTIFIER = ma.Demo;
				PRODUCT_NAME = "$(TARGET_NAME)";
				TARGETED_DEVICE_FAMILY = "1,2";
			};
			name = Release;
		};
/* End XCBuildConfiguration section */

/* Begin XCConfigurationList section */
		288080211F8E04FC008D30BA /* Build configuration list for PBXProject "Demo" */ = {
			isa = XCConfigurationList;
			buildConfigurations = (
				2880803A1F8E04FC008D30BA /* Debug */,
				2880803B1F8E04FC008D30BA /* Release */,
			);
			defaultConfigurationIsVisible = 0;
			defaultConfigurationName = Release;
		};
		2880803C1F8E04FC008D30BA /* Build configuration list for PBXNativeTarget "Demo" */ = {
			isa = XCConfigurationList;
			buildConfigurations = (
				2880803D1F8E04FC008D30BA /* Debug */,
				2880803E1F8E04FC008D30BA /* Release */,
			);
			defaultConfigurationIsVisible = 0;
			defaultConfigurationName = Release;
		};
/* End XCConfigurationList section */
	};
	rootObject = 2880801E1F8E04FC008D30BA /* Project object */;
}
